// !$*UTF8*$!
{
	archiveVersion = 1;
	classes = {
	};
	objectVersion = 51;
	objects = {

/* Begin PBXBuildFile section */
		28A0AE675552010EA7674B7A /* Pods_HW11.framework in Frameworks */ = {isa = PBXBuildFile; fileRef = 5481E57BBCAC206ED2BF36CA /* Pods_HW11.framework */; };
		F31495E9240D0AFD005E7865 /* Student.swift in Sources */ = {isa = PBXBuildFile; fileRef = F31495E8240D0AFD005E7865 /* Student.swift */; };
		F34C1E0223FC4D6C00094DA0 /* Names.txt in Resources */ = {isa = PBXBuildFile; fileRef = F34C1E0123FC4D6C00094DA0 /* Names.txt */; };
		F34C1E0423FC59BB00094DA0 /* CodeTableViewCell.swift in Sources */ = {isa = PBXBuildFile; fileRef = F34C1E0323FC59BB00094DA0 /* CodeTableViewCell.swift */; };
		F34C1E0723FC5C9E00094DA0 /* XIBTableViewCell.swift in Sources */ = {isa = PBXBuildFile; fileRef = F34C1E0523FC5C9E00094DA0 /* XIBTableViewCell.swift */; };
		F34C1E0823FC5C9E00094DA0 /* XIBTableViewCell.xib in Resources */ = {isa = PBXBuildFile; fileRef = F34C1E0623FC5C9E00094DA0 /* XIBTableViewCell.xib */; };
		F3547C3B242254CD00820800 /* CollectionViewController.swift in Sources */ = {isa = PBXBuildFile; fileRef = F3547C3A242254CD00820800 /* CollectionViewController.swift */; };
		F3547C3D2422720E00820800 /* StudentCollectionViewCell.swift in Sources */ = {isa = PBXBuildFile; fileRef = F3547C3C2422720E00820800 /* StudentCollectionViewCell.swift */; };
		F3547C4724235B3200820800 /* Storage2.swift in Sources */ = {isa = PBXBuildFile; fileRef = F3547C4624235B3200820800 /* Storage2.swift */; };
		F35C834D23FE630E005D69BC /* Storage.swift in Sources */ = {isa = PBXBuildFile; fileRef = F35C834C23FE630E005D69BC /* Storage.swift */; };
		F36F63A523FA771900FEB355 /* AppDelegate.swift in Sources */ = {isa = PBXBuildFile; fileRef = F36F63A423FA771900FEB355 /* AppDelegate.swift */; };
		F36F63A723FA771900FEB355 /* SceneDelegate.swift in Sources */ = {isa = PBXBuildFile; fileRef = F36F63A623FA771900FEB355 /* SceneDelegate.swift */; };
		F36F63A923FA771900FEB355 /* ViewController.swift in Sources */ = {isa = PBXBuildFile; fileRef = F36F63A823FA771900FEB355 /* ViewController.swift */; };
		F36F63AC23FA771900FEB355 /* Main.storyboard in Resources */ = {isa = PBXBuildFile; fileRef = F36F63AA23FA771900FEB355 /* Main.storyboard */; };
		F36F63AE23FA771A00FEB355 /* Assets.xcassets in Resources */ = {isa = PBXBuildFile; fileRef = F36F63AD23FA771A00FEB355 /* Assets.xcassets */; };
		F36F63B123FA771A00FEB355 /* LaunchScreen.storyboard in Resources */ = {isa = PBXBuildFile; fileRef = F36F63AF23FA771A00FEB355 /* LaunchScreen.storyboard */; };
		F36F63B923FA790D00FEB355 /* SignInViewController.swift in Sources */ = {isa = PBXBuildFile; fileRef = F36F63B823FA790D00FEB355 /* SignInViewController.swift */; };
		F36F63BB23FA83EC00FEB355 /* MainViewController.swift in Sources */ = {isa = PBXBuildFile; fileRef = F36F63BA23FA83EC00FEB355 /* MainViewController.swift */; };
		F36F63BD23FA929C00FEB355 /* TableVViewController.swift in Sources */ = {isa = PBXBuildFile; fileRef = F36F63BC23FA929C00FEB355 /* TableVViewController.swift */; };
		F36F63BF23FAAF6F00FEB355 /* ProfileViewController.swift in Sources */ = {isa = PBXBuildFile; fileRef = F36F63BE23FAAF6F00FEB355 /* ProfileViewController.swift */; };
		F3D0F8E4241912A1000A9D0A /* Profile2ViewController.swift in Sources */ = {isa = PBXBuildFile; fileRef = F3D0F8E3241912A1000A9D0A /* Profile2ViewController.swift */; };
		F3D0F8E62419188E000A9D0A /* Profile3ViewController.swift in Sources */ = {isa = PBXBuildFile; fileRef = F3D0F8E52419188E000A9D0A /* Profile3ViewController.swift */; };
		F3D0F8E8241A13C4000A9D0A /* credentials.plist in Resources */ = {isa = PBXBuildFile; fileRef = F3D0F8E7241A13C4000A9D0A /* credentials.plist */; };
		F3D0F8EC241BEB8E000A9D0A /* ViewController.xib in Resources */ = {isa = PBXBuildFile; fileRef = F3D0F8EB241BEB8E000A9D0A /* ViewController.xib */; };
		F3FABC9C23FFE14100CD77B2 /* ProfileManager.swift in Sources */ = {isa = PBXBuildFile; fileRef = F3FABC9B23FFE14100CD77B2 /* ProfileManager.swift */; };
		F3FABC9E23FFE1F600CD77B2 /* Validator.swift in Sources */ = {isa = PBXBuildFile; fileRef = F3FABC9D23FFE1F600CD77B2 /* Validator.swift */; };
/* End PBXBuildFile section */

/* Begin PBXFileReference section */
		4718BFDA3B159C5225423E12 /* Pods-HW11.debug.xcconfig */ = {isa = PBXFileReference; includeInIndex = 1; lastKnownFileType = text.xcconfig; name = "Pods-HW11.debug.xcconfig"; path = "Target Support Files/Pods-HW11/Pods-HW11.debug.xcconfig"; sourceTree = "<group>"; };
		5481E57BBCAC206ED2BF36CA /* Pods_HW11.framework */ = {isa = PBXFileReference; explicitFileType = wrapper.framework; includeInIndex = 0; path = Pods_HW11.framework; sourceTree = BUILT_PRODUCTS_DIR; };
		711F12A807D4B5798E50877F /* Pods-HW11.release.xcconfig */ = {isa = PBXFileReference; includeInIndex = 1; lastKnownFileType = text.xcconfig; name = "Pods-HW11.release.xcconfig"; path = "Target Support Files/Pods-HW11/Pods-HW11.release.xcconfig"; sourceTree = "<group>"; };
		F31495E8240D0AFD005E7865 /* Student.swift */ = {isa = PBXFileReference; lastKnownFileType = sourcecode.swift; path = Student.swift; sourceTree = "<group>"; };
		F34C1E0123FC4D6C00094DA0 /* Names.txt */ = {isa = PBXFileReference; lastKnownFileType = text; path = Names.txt; sourceTree = "<group>"; };
		F34C1E0323FC59BB00094DA0 /* CodeTableViewCell.swift */ = {isa = PBXFileReference; lastKnownFileType = sourcecode.swift; path = CodeTableViewCell.swift; sourceTree = "<group>"; };
		F34C1E0523FC5C9E00094DA0 /* XIBTableViewCell.swift */ = {isa = PBXFileReference; lastKnownFileType = sourcecode.swift; path = XIBTableViewCell.swift; sourceTree = "<group>"; };
		F34C1E0623FC5C9E00094DA0 /* XIBTableViewCell.xib */ = {isa = PBXFileReference; lastKnownFileType = file.xib; path = XIBTableViewCell.xib; sourceTree = "<group>"; };
		F3547C3A242254CD00820800 /* CollectionViewController.swift */ = {isa = PBXFileReference; lastKnownFileType = sourcecode.swift; path = CollectionViewController.swift; sourceTree = "<group>"; };
		F3547C3C2422720E00820800 /* StudentCollectionViewCell.swift */ = {isa = PBXFileReference; lastKnownFileType = sourcecode.swift; path = StudentCollectionViewCell.swift; sourceTree = "<group>"; };
		F3547C4624235B3200820800 /* Storage2.swift */ = {isa = PBXFileReference; lastKnownFileType = sourcecode.swift; name = Storage2.swift; path = /Users/elena/Desktop/iosEducation2/HW11/CollectionView/Storage2.swift; sourceTree = "<absolute>"; };
		F35C834C23FE630E005D69BC /* Storage.swift */ = {isa = PBXFileReference; lastKnownFileType = sourcecode.swift; path = Storage.swift; sourceTree = "<group>"; };
		F36F63A123FA771900FEB355 /* HW11.app */ = {isa = PBXFileReference; explicitFileType = wrapper.application; includeInIndex = 0; path = HW11.app; sourceTree = BUILT_PRODUCTS_DIR; };
		F36F63A423FA771900FEB355 /* AppDelegate.swift */ = {isa = PBXFileReference; lastKnownFileType = sourcecode.swift; path = AppDelegate.swift; sourceTree = "<group>"; };
		F36F63A623FA771900FEB355 /* SceneDelegate.swift */ = {isa = PBXFileReference; lastKnownFileType = sourcecode.swift; path = SceneDelegate.swift; sourceTree = "<group>"; };
		F36F63A823FA771900FEB355 /* ViewController.swift */ = {isa = PBXFileReference; lastKnownFileType = sourcecode.swift; path = ViewController.swift; sourceTree = "<group>"; };
		F36F63AB23FA771900FEB355 /* Base */ = {isa = PBXFileReference; lastKnownFileType = file.storyboard; name = Base; path = Base.lproj/Main.storyboard; sourceTree = "<group>"; };
		F36F63AD23FA771A00FEB355 /* Assets.xcassets */ = {isa = PBXFileReference; lastKnownFileType = folder.assetcatalog; path = Assets.xcassets; sourceTree = "<group>"; };
		F36F63B023FA771A00FEB355 /* Base */ = {isa = PBXFileReference; lastKnownFileType = file.storyboard; name = Base; path = Base.lproj/LaunchScreen.storyboard; sourceTree = "<group>"; };
		F36F63B223FA771A00FEB355 /* Info.plist */ = {isa = PBXFileReference; lastKnownFileType = text.plist.xml; path = Info.plist; sourceTree = "<group>"; };
		F36F63B823FA790D00FEB355 /* SignInViewController.swift */ = {isa = PBXFileReference; lastKnownFileType = sourcecode.swift; path = SignInViewController.swift; sourceTree = "<group>"; };
		F36F63BA23FA83EC00FEB355 /* MainViewController.swift */ = {isa = PBXFileReference; lastKnownFileType = sourcecode.swift; path = MainViewController.swift; sourceTree = "<group>"; };
		F36F63BC23FA929C00FEB355 /* TableVViewController.swift */ = {isa = PBXFileReference; lastKnownFileType = sourcecode.swift; path = TableVViewController.swift; sourceTree = "<group>"; };
		F36F63BE23FAAF6F00FEB355 /* ProfileViewController.swift */ = {isa = PBXFileReference; lastKnownFileType = sourcecode.swift; path = ProfileViewController.swift; sourceTree = "<group>"; };
		F3D0F8E3241912A1000A9D0A /* Profile2ViewController.swift */ = {isa = PBXFileReference; lastKnownFileType = sourcecode.swift; path = Profile2ViewController.swift; sourceTree = "<group>"; };
		F3D0F8E52419188E000A9D0A /* Profile3ViewController.swift */ = {isa = PBXFileReference; lastKnownFileType = sourcecode.swift; path = Profile3ViewController.swift; sourceTree = "<group>"; };
		F3D0F8E7241A13C4000A9D0A /* credentials.plist */ = {isa = PBXFileReference; fileEncoding = 4; lastKnownFileType = text.plist.xml; name = credentials.plist; path = ../../../Downloads/credentials.plist; sourceTree = "<group>"; };
		F3D0F8EB241BEB8E000A9D0A /* ViewController.xib */ = {isa = PBXFileReference; lastKnownFileType = file.xib; path = ViewController.xib; sourceTree = "<group>"; };
		F3FABC9B23FFE14100CD77B2 /* ProfileManager.swift */ = {isa = PBXFileReference; lastKnownFileType = sourcecode.swift; path = ProfileManager.swift; sourceTree = "<group>"; };
		F3FABC9D23FFE1F600CD77B2 /* Validator.swift */ = {isa = PBXFileReference; lastKnownFileType = sourcecode.swift; path = Validator.swift; sourceTree = "<group>"; };
/* End PBXFileReference section */

/* Begin PBXFrameworksBuildPhase section */
		F36F639E23FA771900FEB355 /* Frameworks */ = {
			isa = PBXFrameworksBuildPhase;
			buildActionMask = 2147483647;
			files = (
				28A0AE675552010EA7674B7A /* Pods_HW11.framework in Frameworks */,
			);
			runOnlyForDeploymentPostprocessing = 0;
		};
/* End PBXFrameworksBuildPhase section */

/* Begin PBXGroup section */
		45380068D27C699A3059E722 /* Pods */ = {
			isa = PBXGroup;
			children = (
				4718BFDA3B159C5225423E12 /* Pods-HW11.debug.xcconfig */,
				711F12A807D4B5798E50877F /* Pods-HW11.release.xcconfig */,
			);
			path = Pods;
			sourceTree = "<group>";
		};
		B3A48C49DC0A437E74B6F1BD /* Frameworks */ = {
			isa = PBXGroup;
			children = (
				5481E57BBCAC206ED2BF36CA /* Pods_HW11.framework */,
			);
			name = Frameworks;
			sourceTree = "<group>";
		};
		F31495E7240CFF75005E7865 /* Prototype cells */ = {
			isa = PBXGroup;
			children = (
				F34C1E0623FC5C9E00094DA0 /* XIBTableViewCell.xib */,
				F34C1E0523FC5C9E00094DA0 /* XIBTableViewCell.swift */,
				F34C1E0323FC59BB00094DA0 /* CodeTableViewCell.swift */,
			);
			path = "Prototype cells";
			sourceTree = "<group>";
		};
		F3547C442422956600820800 /* TableView */ = {
			isa = PBXGroup;
			children = (
				F35C834C23FE630E005D69BC /* Storage.swift */,
				F36F63BC23FA929C00FEB355 /* TableVViewController.swift */,
			);
			path = TableView;
			sourceTree = "<group>";
		};
		F3547C45242295A600820800 /* CollectionView */ = {
			isa = PBXGroup;
			children = (
				F3547C3C2422720E00820800 /* StudentCollectionViewCell.swift */,
				F3547C3A242254CD00820800 /* CollectionViewController.swift */,
				F3547C4624235B3200820800 /* Storage2.swift */,
				F3547C4824235B9E00820800 /* Profiles */,
			);
			path = CollectionView;
			sourceTree = "<group>";
		};
		F3547C4824235B9E00820800 /* Profiles */ = {
			isa = PBXGroup;
			children = (
				F36F63BE23FAAF6F00FEB355 /* ProfileViewController.swift */,
				F3D0F8E3241912A1000A9D0A /* Profile2ViewController.swift */,
				F3D0F8E52419188E000A9D0A /* Profile3ViewController.swift */,
			);
			path = Profiles;
			sourceTree = "<group>";
		};
		F36F639823FA771900FEB355 = {
			isa = PBXGroup;
			children = (
				F36F63A323FA771900FEB355 /* HW11 */,
				F36F63A223FA771900FEB355 /* Products */,
				45380068D27C699A3059E722 /* Pods */,
				B3A48C49DC0A437E74B6F1BD /* Frameworks */,
			);
			sourceTree = "<group>";
		};
		F36F63A223FA771900FEB355 /* Products */ = {
			isa = PBXGroup;
			children = (
				F36F63A123FA771900FEB355 /* HW11.app */,
			);
			name = Products;
			sourceTree = "<group>";
		};
		F36F63A323FA771900FEB355 /* HW11 */ = {
			isa = PBXGroup;
			children = (
				F36F63A423FA771900FEB355 /* AppDelegate.swift */,
				F36F63A623FA771900FEB355 /* SceneDelegate.swift */,
				F36F63A823FA771900FEB355 /* ViewController.swift */,
				F3D0F8EB241BEB8E000A9D0A /* ViewController.xib */,
				F36F63AA23FA771900FEB355 /* Main.storyboard */,
				F36F63B823FA790D00FEB355 /* SignInViewController.swift */,
				F36F63BA23FA83EC00FEB355 /* MainViewController.swift */,
				F3547C45242295A600820800 /* CollectionView */,
				F31495E8240D0AFD005E7865 /* Student.swift */,
				F3FABC9D23FFE1F600CD77B2 /* Validator.swift */,
				F3FABC9B23FFE14100CD77B2 /* ProfileManager.swift */,
				F3547C442422956600820800 /* TableView */,
				F31495E7240CFF75005E7865 /* Prototype cells */,
				F36F63AD23FA771A00FEB355 /* Assets.xcassets */,
				F36F63AF23FA771A00FEB355 /* LaunchScreen.storyboard */,
				F36F63B223FA771A00FEB355 /* Info.plist */,
				F3D0F8E7241A13C4000A9D0A /* credentials.plist */,
				F34C1E0123FC4D6C00094DA0 /* Names.txt */,
			);
			path = HW11;
			sourceTree = "<group>";
		};
/* End PBXGroup section */

/* Begin PBXNativeTarget section */
		F36F63A023FA771900FEB355 /* HW11 */ = {
			isa = PBXNativeTarget;
			buildConfigurationList = F36F63B523FA771A00FEB355 /* Build configuration list for PBXNativeTarget "HW11" */;
			buildPhases = (
				08FB7512FFC2AF14706CCAA1 /* [CP] Check Pods Manifest.lock */,
				F36F639D23FA771900FEB355 /* Sources */,
				F36F639E23FA771900FEB355 /* Frameworks */,
				F36F639F23FA771900FEB355 /* Resources */,
				F3D0F8E12417FE91000A9D0A /* ShellScript */,
				13ED96A55A3019AEF0BD708E /* [CP] Embed Pods Frameworks */,
				EEF66BDBE32AE9CE47E7F10D /* [CP] Copy Pods Resources */,
			);
			buildRules = (
			);
			dependencies = (
			);
			name = HW11;
			productName = HW11;
			productReference = F36F63A123FA771900FEB355 /* HW11.app */;
			productType = "com.apple.product-type.application";
		};
/* End PBXNativeTarget section */

/* Begin PBXProject section */
		F36F639923FA771900FEB355 /* Project object */ = {
			isa = PBXProject;
			attributes = {
				LastSwiftUpdateCheck = 1130;
				LastUpgradeCheck = 1130;
				ORGANIZATIONNAME = "Elena Alekseeva";
				TargetAttributes = {
					F36F63A023FA771900FEB355 = {
						CreatedOnToolsVersion = 11.3.1;
					};
				};
			};
			buildConfigurationList = F36F639C23FA771900FEB355 /* Build configuration list for PBXProject "HW11" */;
			compatibilityVersion = "Xcode 9.3";
			developmentRegion = en;
			hasScannedForEncodings = 0;
			knownRegions = (
				en,
				Base,
			);
			mainGroup = F36F639823FA771900FEB355;
			productRefGroup = F36F63A223FA771900FEB355 /* Products */;
			projectDirPath = "";
			projectRoot = "";
			targets = (
				F36F63A023FA771900FEB355 /* HW11 */,
			);
		};
/* End PBXProject section */

/* Begin PBXResourcesBuildPhase section */
		F36F639F23FA771900FEB355 /* Resources */ = {
			isa = PBXResourcesBuildPhase;
			buildActionMask = 2147483647;
			files = (
				F3D0F8EC241BEB8E000A9D0A /* ViewController.xib in Resources */,
				F36F63B123FA771A00FEB355 /* LaunchScreen.storyboard in Resources */,
				F3D0F8E8241A13C4000A9D0A /* credentials.plist in Resources */,
				F34C1E0223FC4D6C00094DA0 /* Names.txt in Resources */,
				F36F63AE23FA771A00FEB355 /* Assets.xcassets in Resources */,
				F34C1E0823FC5C9E00094DA0 /* XIBTableViewCell.xib in Resources */,
				F36F63AC23FA771900FEB355 /* Main.storyboard in Resources */,
			);
			runOnlyForDeploymentPostprocessing = 0;
		};
/* End PBXResourcesBuildPhase section */

/* Begin PBXShellScriptBuildPhase section */
		08FB7512FFC2AF14706CCAA1 /* [CP] Check Pods Manifest.lock */ = {
			isa = PBXShellScriptBuildPhase;
			buildActionMask = 2147483647;
			files = (
			);
			inputFileListPaths = (
			);
			inputPaths = (
				"${PODS_PODFILE_DIR_PATH}/Podfile.lock",
				"${PODS_ROOT}/Manifest.lock",
			);
			name = "[CP] Check Pods Manifest.lock";
			outputFileListPaths = (
			);
			outputPaths = (
				"$(DERIVED_FILE_DIR)/Pods-HW11-checkManifestLockResult.txt",
			);
			runOnlyForDeploymentPostprocessing = 0;
			shellPath = /bin/sh;
			shellScript = "diff \"${PODS_PODFILE_DIR_PATH}/Podfile.lock\" \"${PODS_ROOT}/Manifest.lock\" > /dev/null\nif [ $? != 0 ] ; then\n    # print error to STDERR\n    echo \"error: The sandbox is not in sync with the Podfile.lock. Run 'pod install' or update your CocoaPods installation.\" >&2\n    exit 1\nfi\n# This output is used by Xcode 'outputs' to avoid re-running this script phase.\necho \"SUCCESS\" > \"${SCRIPT_OUTPUT_FILE_0}\"\n";
			showEnvVarsInLog = 0;
		};
		13ED96A55A3019AEF0BD708E /* [CP] Embed Pods Frameworks */ = {
			isa = PBXShellScriptBuildPhase;
			buildActionMask = 2147483647;
			files = (
			);
			inputFileListPaths = (
				"${PODS_ROOT}/Target Support Files/Pods-HW11/Pods-HW11-frameworks-${CONFIGURATION}-input-files.xcfilelist",
			);
			name = "[CP] Embed Pods Frameworks";
			outputFileListPaths = (
				"${PODS_ROOT}/Target Support Files/Pods-HW11/Pods-HW11-frameworks-${CONFIGURATION}-output-files.xcfilelist",
			);
			runOnlyForDeploymentPostprocessing = 0;
			shellPath = /bin/sh;
			shellScript = "\"${PODS_ROOT}/Target Support Files/Pods-HW11/Pods-HW11-frameworks.sh\"\n";
			showEnvVarsInLog = 0;
		};
		EEF66BDBE32AE9CE47E7F10D /* [CP] Copy Pods Resources */ = {
			isa = PBXShellScriptBuildPhase;
			buildActionMask = 2147483647;
			files = (
			);
			inputFileListPaths = (
				"${PODS_ROOT}/Target Support Files/Pods-HW11/Pods-HW11-resources-${CONFIGURATION}-input-files.xcfilelist",
			);
			name = "[CP] Copy Pods Resources";
			outputFileListPaths = (
				"${PODS_ROOT}/Target Support Files/Pods-HW11/Pods-HW11-resources-${CONFIGURATION}-output-files.xcfilelist",
			);
			runOnlyForDeploymentPostprocessing = 0;
			shellPath = /bin/sh;
			shellScript = "\"${PODS_ROOT}/Target Support Files/Pods-HW11/Pods-HW11-resources.sh\"\n";
			showEnvVarsInLog = 0;
		};
		F3D0F8E12417FE91000A9D0A /* ShellScript */ = {
			isa = PBXShellScriptBuildPhase;
			buildActionMask = 2147483647;
			files = (
			);
			inputFileListPaths = (
			);
			inputPaths = (
			);
			outputFileListPaths = (
			);
			outputPaths = (
			);
			runOnlyForDeploymentPostprocessing = 0;
			shellPath = /bin/sh;
			shellScript = "# Type a script or drag a script file from your workspace to insert its path.\n${PODS_ROOT}/SwiftLint/swiftlint\n";
		};
/* End PBXShellScriptBuildPhase section */

/* Begin PBXSourcesBuildPhase section */
		F36F639D23FA771900FEB355 /* Sources */ = {
			isa = PBXSourcesBuildPhase;
			buildActionMask = 2147483647;
			files = (
				F3547C4724235B3200820800 /* Storage2.swift in Sources */,
				F34C1E0423FC59BB00094DA0 /* CodeTableViewCell.swift in Sources */,
				F35C834D23FE630E005D69BC /* Storage.swift in Sources */,
				F36F63BD23FA929C00FEB355 /* TableVViewController.swift in Sources */,
				F34C1E0723FC5C9E00094DA0 /* XIBTableViewCell.swift in Sources */,
				F3547C3B242254CD00820800 /* CollectionViewController.swift in Sources */,
				F3FABC9E23FFE1F600CD77B2 /* Validator.swift in Sources */,
				F36F63B923FA790D00FEB355 /* SignInViewController.swift in Sources */,
				F36F63A923FA771900FEB355 /* ViewController.swift in Sources */,
				F31495E9240D0AFD005E7865 /* Student.swift in Sources */,
				F3FABC9C23FFE14100CD77B2 /* ProfileManager.swift in Sources */,
				F36F63A523FA771900FEB355 /* AppDelegate.swift in Sources */,
				F36F63BF23FAAF6F00FEB355 /* ProfileViewController.swift in Sources */,
				F3D0F8E4241912A1000A9D0A /* Profile2ViewController.swift in Sources */,
				F36F63A723FA771900FEB355 /* SceneDelegate.swift in Sources */,
				F3D0F8E62419188E000A9D0A /* Profile3ViewController.swift in Sources */,
				F3547C3D2422720E00820800 /* StudentCollectionViewCell.swift in Sources */,
				F36F63BB23FA83EC00FEB355 /* MainViewController.swift in Sources */,
			);
			runOnlyForDeploymentPostprocessing = 0;
		};
/* End PBXSourcesBuildPhase section */

/* Begin PBXVariantGroup section */
		F36F63AA23FA771900FEB355 /* Main.storyboard */ = {
			isa = PBXVariantGroup;
			children = (
				F36F63AB23FA771900FEB355 /* Base */,
			);
			name = Main.storyboard;
			sourceTree = "<group>";
		};
		F36F63AF23FA771A00FEB355 /* LaunchScreen.storyboard */ = {
			isa = PBXVariantGroup;
			children = (
				F36F63B023FA771A00FEB355 /* Base */,
			);
			name = LaunchScreen.storyboard;
			sourceTree = "<group>";
		};
/* End PBXVariantGroup section */

/* Begin XCBuildConfiguration section */
		F36F63B323FA771A00FEB355 /* Debug */ = {
			isa = XCBuildConfiguration;
			buildSettings = {
				ALWAYS_SEARCH_USER_PATHS = NO;
				CLANG_ANALYZER_NONNULL = YES;
				CLANG_ANALYZER_NUMBER_OBJECT_CONVERSION = YES_AGGRESSIVE;
				CLANG_CXX_LANGUAGE_STANDARD = "gnu++14";
				CLANG_CXX_LIBRARY = "libc++";
				CLANG_ENABLE_MODULES = YES;
				CLANG_ENABLE_OBJC_ARC = YES;
				CLANG_ENABLE_OBJC_WEAK = YES;
				CLANG_WARN_BLOCK_CAPTURE_AUTORELEASING = YES;
				CLANG_WARN_BOOL_CONVERSION = YES;
				CLANG_WARN_COMMA = YES;
				CLANG_WARN_CONSTANT_CONVERSION = YES;
				CLANG_WARN_DEPRECATED_OBJC_IMPLEMENTATIONS = YES;
				CLANG_WARN_DIRECT_OBJC_ISA_USAGE = YES_ERROR;
				CLANG_WARN_DOCUMENTATION_COMMENTS = YES;
				CLANG_WARN_EMPTY_BODY = YES;
				CLANG_WARN_ENUM_CONVERSION = YES;
				CLANG_WARN_INFINITE_RECURSION = YES;
				CLANG_WARN_INT_CONVERSION = YES;
				CLANG_WARN_NON_LITERAL_NULL_CONVERSION = YES;
				CLANG_WARN_OBJC_IMPLICIT_RETAIN_SELF = YES;
				CLANG_WARN_OBJC_LITERAL_CONVERSION = YES;
				CLANG_WARN_OBJC_ROOT_CLASS = YES_ERROR;
				CLANG_WARN_RANGE_LOOP_ANALYSIS = YES;
				CLANG_WARN_STRICT_PROTOTYPES = YES;
				CLANG_WARN_SUSPICIOUS_MOVE = YES;
				CLANG_WARN_UNGUARDED_AVAILABILITY = YES_AGGRESSIVE;
				CLANG_WARN_UNREACHABLE_CODE = YES;
				CLANG_WARN__DUPLICATE_METHOD_MATCH = YES;
				COPY_PHASE_STRIP = NO;
				DEBUG_INFORMATION_FORMAT = dwarf;
				ENABLE_STRICT_OBJC_MSGSEND = YES;
				ENABLE_TESTABILITY = YES;
				GCC_C_LANGUAGE_STANDARD = gnu11;
				GCC_DYNAMIC_NO_PIC = NO;
				GCC_NO_COMMON_BLOCKS = YES;
				GCC_OPTIMIZATION_LEVEL = 0;
				GCC_PREPROCESSOR_DEFINITIONS = (
					"DEBUG=1",
					"$(inherited)",
				);
				GCC_WARN_64_TO_32_BIT_CONVERSION = YES;
				GCC_WARN_ABOUT_RETURN_TYPE = YES_ERROR;
				GCC_WARN_UNDECLARED_SELECTOR = YES;
				GCC_WARN_UNINITIALIZED_AUTOS = YES_AGGRESSIVE;
				GCC_WARN_UNUSED_FUNCTION = YES;
				GCC_WARN_UNUSED_VARIABLE = YES;
				IPHONEOS_DEPLOYMENT_TARGET = 13.2;
				MTL_ENABLE_DEBUG_INFO = INCLUDE_SOURCE;
				MTL_FAST_MATH = YES;
				ONLY_ACTIVE_ARCH = YES;
				SDKROOT = iphoneos;
				SWIFT_ACTIVE_COMPILATION_CONDITIONS = DEBUG;
				SWIFT_OPTIMIZATION_LEVEL = "-Onone";
			};
			name = Debug;
		};
		F36F63B423FA771A00FEB355 /* Release */ = {
			isa = XCBuildConfiguration;
			buildSettings = {
				ALWAYS_SEARCH_USER_PATHS = NO;
				CLANG_ANALYZER_NONNULL = YES;
				CLANG_ANALYZER_NUMBER_OBJECT_CONVERSION = YES_AGGRESSIVE;
				CLANG_CXX_LANGUAGE_STANDARD = "gnu++14";
				CLANG_CXX_LIBRARY = "libc++";
				CLANG_ENABLE_MODULES = YES;
				CLANG_ENABLE_OBJC_ARC = YES;
				CLANG_ENABLE_OBJC_WEAK = YES;
				CLANG_WARN_BLOCK_CAPTURE_AUTORELEASING = YES;
				CLANG_WARN_BOOL_CONVERSION = YES;
				CLANG_WARN_COMMA = YES;
				CLANG_WARN_CONSTANT_CONVERSION = YES;
				CLANG_WARN_DEPRECATED_OBJC_IMPLEMENTATIONS = YES;
				CLANG_WARN_DIRECT_OBJC_ISA_USAGE = YES_ERROR;
				CLANG_WARN_DOCUMENTATION_COMMENTS = YES;
				CLANG_WARN_EMPTY_BODY = YES;
				CLANG_WARN_ENUM_CONVERSION = YES;
				CLANG_WARN_INFINITE_RECURSION = YES;
				CLANG_WARN_INT_CONVERSION = YES;
				CLANG_WARN_NON_LITERAL_NULL_CONVERSION = YES;
				CLANG_WARN_OBJC_IMPLICIT_RETAIN_SELF = YES;
				CLANG_WARN_OBJC_LITERAL_CONVERSION = YES;
				CLANG_WARN_OBJC_ROOT_CLASS = YES_ERROR;
				CLANG_WARN_RANGE_LOOP_ANALYSIS = YES;
				CLANG_WARN_STRICT_PROTOTYPES = YES;
				CLANG_WARN_SUSPICIOUS_MOVE = YES;
				CLANG_WARN_UNGUARDED_AVAILABILITY = YES_AGGRESSIVE;
				CLANG_WARN_UNREACHABLE_CODE = YES;
				CLANG_WARN__DUPLICATE_METHOD_MATCH = YES;
				COPY_PHASE_STRIP = NO;
				DEBUG_INFORMATION_FORMAT = "dwarf-with-dsym";
				ENABLE_NS_ASSERTIONS = NO;
				ENABLE_STRICT_OBJC_MSGSEND = YES;
				GCC_C_LANGUAGE_STANDARD = gnu11;
				GCC_NO_COMMON_BLOCKS = YES;
				GCC_WARN_64_TO_32_BIT_CONVERSION = YES;
				GCC_WARN_ABOUT_RETURN_TYPE = YES_ERROR;
				GCC_WARN_UNDECLARED_SELECTOR = YES;
				GCC_WARN_UNINITIALIZED_AUTOS = YES_AGGRESSIVE;
				GCC_WARN_UNUSED_FUNCTION = YES;
				GCC_WARN_UNUSED_VARIABLE = YES;
				IPHONEOS_DEPLOYMENT_TARGET = 13.2;
				MTL_ENABLE_DEBUG_INFO = NO;
				MTL_FAST_MATH = YES;
				SDKROOT = iphoneos;
				SWIFT_COMPILATION_MODE = wholemodule;
				SWIFT_OPTIMIZATION_LEVEL = "-O";
				VALIDATE_PRODUCT = YES;
			};
			name = Release;
		};
		F36F63B623FA771A00FEB355 /* Debug */ = {
			isa = XCBuildConfiguration;
			baseConfigurationReference = 4718BFDA3B159C5225423E12 /* Pods-HW11.debug.xcconfig */;
			buildSettings = {
				ASSETCATALOG_COMPILER_APPICON_NAME = AppIcon;
				CODE_SIGN_STYLE = Automatic;
				DEVELOPMENT_TEAM = 9W292R69FX;
				INFOPLIST_FILE = HW11/Info.plist;
				LD_RUNPATH_SEARCH_PATHS = (
					"$(inherited)",
					"@executable_path/Frameworks",
				);
				PRODUCT_BUNDLE_IDENTIFIER = education.HW11;
				PRODUCT_NAME = "$(TARGET_NAME)";
				SWIFT_VERSION = 5.0;
				TARGETED_DEVICE_FAMILY = "1,2";
			};
			name = Debug;
		};
		F36F63B723FA771A00FEB355 /* Release */ = {
			isa = XCBuildConfiguration;
			baseConfigurationReference = 711F12A807D4B5798E50877F /* Pods-HW11.release.xcconfig */;
			buildSettings = {
				ASSETCATALOG_COMPILER_APPICON_NAME = AppIcon;
				CODE_SIGN_STYLE = Automatic;
				DEVELOPMENT_TEAM = 9W292R69FX;
				INFOPLIST_FILE = HW11/Info.plist;
				LD_RUNPATH_SEARCH_PATHS = (
					"$(inherited)",
					"@executable_path/Frameworks",
				);
				PRODUCT_BUNDLE_IDENTIFIER = education.HW11;
				PRODUCT_NAME = "$(TARGET_NAME)";
				SWIFT_VERSION = 5.0;
				TARGETED_DEVICE_FAMILY = "1,2";
			};
			name = Release;
		};
/* End XCBuildConfiguration section */

/* Begin XCConfigurationList section */
		F36F639C23FA771900FEB355 /* Build configuration list for PBXProject "HW11" */ = {
			isa = XCConfigurationList;
			buildConfigurations = (
				F36F63B323FA771A00FEB355 /* Debug */,
				F36F63B423FA771A00FEB355 /* Release */,
			);
			defaultConfigurationIsVisible = 0;
			defaultConfigurationName = Release;
		};
		F36F63B523FA771A00FEB355 /* Build configuration list for PBXNativeTarget "HW11" */ = {
			isa = XCConfigurationList;
			buildConfigurations = (
				F36F63B623FA771A00FEB355 /* Debug */,
				F36F63B723FA771A00FEB355 /* Release */,
			);
			defaultConfigurationIsVisible = 0;
			defaultConfigurationName = Release;
		};
/* End XCConfigurationList section */
	};
	rootObject = F36F639923FA771900FEB355 /* Project object */;
}
